
Microsoft Visual Studio Solution File, Format Version 12.00
# Visual Studio Version 17
VisualStudioVersion = 17.0.32126.317
MinimumVisualStudioVersion = 10.0.40219.1
Project("{FAE04EC0-301F-11D3-BF4B-00C04F79EFBC}") = "KthBiggestNumber", "RyanairTasks\KthBiggestNumber.csproj", "{01FC1D3A-B182-4888-B3E8-A62D07D66F6C}"
EndProject
Project("{FAE04EC0-301F-11D3-BF4B-00C04F79EFBC}") = "MemorySharedContainer", "MemorySharedContainer\MemorySharedContainer.csproj", "{453DA088-D2A1-4424-A836-B807B7C9E276}"
EndProject
Global
	GlobalSection(SolutionConfigurationPlatforms) = preSolution
		Debug|Any CPU = Debug|Any CPU
		Release|Any CPU = Release|Any CPU
	EndGlobalSection
	GlobalSection(ProjectConfigurationPlatforms) = postSolution
		{01FC1D3A-B182-4888-B3E8-A62D07D66F6C}.Debug|Any CPU.ActiveCfg = Debug|Any CPU
		{01FC1D3A-B182-4888-B3E8-A62D07D66F6C}.Debug|Any CPU.Build.0 = Debug|Any CPU
		{01FC1D3A-B182-4888-B3E8-A62D07D66F6C}.Release|Any CPU.ActiveCfg = Release|Any CPU
		{01FC1D3A-B182-4888-B3E8-A62D07D66F6C}.Release|Any CPU.Build.0 = Release|Any CPU
		{453DA088-D2A1-4424-A836-B807B7C9E276}.Debug|Any CPU.ActiveCfg = Debug|Any CPU
		{453DA088-D2A1-4424-A836-B807B7C9E276}.Debug|Any CPU.Build.0 = Debug|Any CPU
		{453DA088-D2A1-4424-A836-B807B7C9E276}.Release|Any CPU.ActiveCfg = Release|Any CPU
		{453DA088-D2A1-4424-A836-B807B7C9E276}.Release|Any CPU.Build.0 = Release|Any CPU
	EndGlobalSection
	GlobalSection(SolutionProperties) = preSolution
		HideSolutionNode = FALSE
	EndGlobalSection
	GlobalSection(ExtensibilityGlobals) = postSolution
		SolutionGuid = {0D4AB25D-1588-45FF-8E40-DF684DC9F891}
	EndGlobalSection
EndGlobal
